// !$*UTF8*$!
{
	archiveVersion = 1;
	classes = {
	};
	objectVersion = 56;
	objects = {

/* Begin PBXBuildFile section */
		20056ECC2C62412F000B661B /* TWB_EcommerceApp.swift in Sources */ = {isa = PBXBuildFile; fileRef = 20056ECB2C62412F000B661B /* TWB_EcommerceApp.swift */; };
		20056ED02C624130000B661B /* Assets.xcassets in Resources */ = {isa = PBXBuildFile; fileRef = 20056ECF2C624130000B661B /* Assets.xcassets */; };
		20056ED32C624130000B661B /* Preview Assets.xcassets in Resources */ = {isa = PBXBuildFile; fileRef = 20056ED22C624130000B661B /* Preview Assets.xcassets */; };
		2075F3A42C636F670010536E /* LoginView.swift in Sources */ = {isa = PBXBuildFile; fileRef = 2075F3A32C636F670010536E /* LoginView.swift */; };
		2075F3A52C636F670010536E /* LoginView.swift in Sources */ = {isa = PBXBuildFile; fileRef = 2075F3A32C636F670010536E /* LoginView.swift */; };
		2075F3A62C636F670010536E /* LoginView.swift in Sources */ = {isa = PBXBuildFile; fileRef = 2075F3A32C636F670010536E /* LoginView.swift */; };
		209A33622C6B406D008B8D9B /* Baskerville.ttf in Resources */ = {isa = PBXBuildFile; fileRef = 209A33612C6B406D008B8D9B /* Baskerville.ttf */; };
		209A33642C6B40AC008B8D9B /* Lato-Black.ttf in Resources */ = {isa = PBXBuildFile; fileRef = 209A33632C6B40AC008B8D9B /* Lato-Black.ttf */; };
		209A336E2C6B4255008B8D9B /* Lato-BoldItalic.ttf in Resources */ = {isa = PBXBuildFile; fileRef = 209A33652C6B4254008B8D9B /* Lato-BoldItalic.ttf */; };
		209A336F2C6B4255008B8D9B /* Lato-Regular.ttf in Resources */ = {isa = PBXBuildFile; fileRef = 209A33662C6B4254008B8D9B /* Lato-Regular.ttf */; };
		209A33702C6B4255008B8D9B /* Lato-BlackItalic.ttf in Resources */ = {isa = PBXBuildFile; fileRef = 209A33672C6B4255008B8D9B /* Lato-BlackItalic.ttf */; };
		209A33712C6B4255008B8D9B /* Lato-Italic.ttf in Resources */ = {isa = PBXBuildFile; fileRef = 209A33682C6B4255008B8D9B /* Lato-Italic.ttf */; };
		209A33722C6B4255008B8D9B /* Lato-LightItalic.ttf in Resources */ = {isa = PBXBuildFile; fileRef = 209A33692C6B4255008B8D9B /* Lato-LightItalic.ttf */; };
		209A33732C6B4255008B8D9B /* Lato-Thin.ttf in Resources */ = {isa = PBXBuildFile; fileRef = 209A336A2C6B4255008B8D9B /* Lato-Thin.ttf */; };
		209A33742C6B4255008B8D9B /* Lato-ThinItalic.ttf in Resources */ = {isa = PBXBuildFile; fileRef = 209A336B2C6B4255008B8D9B /* Lato-ThinItalic.ttf */; };
		209A33752C6B4255008B8D9B /* Lato-Light.ttf in Resources */ = {isa = PBXBuildFile; fileRef = 209A336C2C6B4255008B8D9B /* Lato-Light.ttf */; };
		209A33762C6B4255008B8D9B /* Latobold.ttf in Resources */ = {isa = PBXBuildFile; fileRef = 209A336D2C6B4255008B8D9B /* Latobold.ttf */; };
		209A33782C6B628B008B8D9B /* PhoneNumberField.swift in Sources */ = {isa = PBXBuildFile; fileRef = 209A33772C6B628B008B8D9B /* PhoneNumberField.swift */; };
		209A33792C6B628B008B8D9B /* PhoneNumberField.swift in Sources */ = {isa = PBXBuildFile; fileRef = 209A33772C6B628B008B8D9B /* PhoneNumberField.swift */; };
		209A337A2C6B628B008B8D9B /* PhoneNumberField.swift in Sources */ = {isa = PBXBuildFile; fileRef = 209A33772C6B628B008B8D9B /* PhoneNumberField.swift */; };
		209A337D2C6B85D0008B8D9B /* SimpleButton.swift in Sources */ = {isa = PBXBuildFile; fileRef = 209A337C2C6B85D0008B8D9B /* SimpleButton.swift */; };
		209A337E2C6B85D0008B8D9B /* SimpleButton.swift in Sources */ = {isa = PBXBuildFile; fileRef = 209A337C2C6B85D0008B8D9B /* SimpleButton.swift */; };
		209A337F2C6B85D0008B8D9B /* SimpleButton.swift in Sources */ = {isa = PBXBuildFile; fileRef = 209A337C2C6B85D0008B8D9B /* SimpleButton.swift */; };
		209A33812C6B899B008B8D9B /* SocialButton.swift in Sources */ = {isa = PBXBuildFile; fileRef = 209A33802C6B899B008B8D9B /* SocialButton.swift */; };
		209A33822C6B899B008B8D9B /* SocialButton.swift in Sources */ = {isa = PBXBuildFile; fileRef = 209A33802C6B899B008B8D9B /* SocialButton.swift */; };
		209A33832C6B899B008B8D9B /* SocialButton.swift in Sources */ = {isa = PBXBuildFile; fileRef = 209A33802C6B899B008B8D9B /* SocialButton.swift */; };
		209A33852C6CCE3E008B8D9B /* Country.swift in Sources */ = {isa = PBXBuildFile; fileRef = 209A33842C6CCE3E008B8D9B /* Country.swift */; };
		209A33862C6CCE3E008B8D9B /* Country.swift in Sources */ = {isa = PBXBuildFile; fileRef = 209A33842C6CCE3E008B8D9B /* Country.swift */; };
		209A33872C6CCE3E008B8D9B /* Country.swift in Sources */ = {isa = PBXBuildFile; fileRef = 209A33842C6CCE3E008B8D9B /* Country.swift */; };
		209A33892C6CCEF0008B8D9B /* CountryPickerView.swift in Sources */ = {isa = PBXBuildFile; fileRef = 209A33882C6CCEF0008B8D9B /* CountryPickerView.swift */; };
		209A338A2C6CCEF0008B8D9B /* CountryPickerView.swift in Sources */ = {isa = PBXBuildFile; fileRef = 209A33882C6CCEF0008B8D9B /* CountryPickerView.swift */; };
		209A338B2C6CCEF0008B8D9B /* CountryPickerView.swift in Sources */ = {isa = PBXBuildFile; fileRef = 209A33882C6CCEF0008B8D9B /* CountryPickerView.swift */; };
		20A4141D2C8B336C00D03BC4 /* AppleSignInManager.swift in Sources */ = {isa = PBXBuildFile; fileRef = 20A4141C2C8B336C00D03BC4 /* AppleSignInManager.swift */; };
		20BB05E72C62597A00A3DF38 /* SplashView.swift in Sources */ = {isa = PBXBuildFile; fileRef = 20BB05E62C62597A00A3DF38 /* SplashView.swift */; };
		20BB05E92C625ED100A3DF38 /* Launch Screen.storyboard in Resources */ = {isa = PBXBuildFile; fileRef = 20BB05E82C625ED100A3DF38 /* Launch Screen.storyboard */; };
		20C0D5262C870A6F0060354A /* BannerSlide.swift in Sources */ = {isa = PBXBuildFile; fileRef = 20C0D5252C870A6F0060354A /* BannerSlide.swift */; };
		20C0D5272C870A6F0060354A /* BannerSlide.swift in Sources */ = {isa = PBXBuildFile; fileRef = 20C0D5252C870A6F0060354A /* BannerSlide.swift */; };
		20C0D5282C870A6F0060354A /* BannerSlide.swift in Sources */ = {isa = PBXBuildFile; fileRef = 20C0D5252C870A6F0060354A /* BannerSlide.swift */; };
		20C0D52B2C8715580060354A /* TrendingProductItem.swift in Sources */ = {isa = PBXBuildFile; fileRef = 20C0D52A2C8715580060354A /* TrendingProductItem.swift */; };
		20C0D52C2C8715580060354A /* TrendingProductItem.swift in Sources */ = {isa = PBXBuildFile; fileRef = 20C0D52A2C8715580060354A /* TrendingProductItem.swift */; };
		20C0D52D2C8715580060354A /* TrendingProductItem.swift in Sources */ = {isa = PBXBuildFile; fileRef = 20C0D52A2C8715580060354A /* TrendingProductItem.swift */; };
		20C0D5302C8725A20060354A /* Lottie in Frameworks */ = {isa = PBXBuildFile; productRef = 20C0D52F2C8725A20060354A /* Lottie */; };
		20C0D5322C8727480060354A /* HeartAnimation.json in Resources */ = {isa = PBXBuildFile; fileRef = 20C0D5312C8727480060354A /* HeartAnimation.json */; };
		20C0D5332C8727480060354A /* HeartAnimation.json in Resources */ = {isa = PBXBuildFile; fileRef = 20C0D5312C8727480060354A /* HeartAnimation.json */; };
		20C0D5342C8727480060354A /* HeartAnimation.json in Resources */ = {isa = PBXBuildFile; fileRef = 20C0D5312C8727480060354A /* HeartAnimation.json */; };
		20C0D5362C8727E70060354A /* Lottie in Frameworks */ = {isa = PBXBuildFile; productRef = 20C0D5352C8727E70060354A /* Lottie */; };
		20C0D5382C8730C10060354A /* TwitterHeart.swift in Sources */ = {isa = PBXBuildFile; fileRef = 20C0D5372C8730C10060354A /* TwitterHeart.swift */; };
		20C0D5392C8730C10060354A /* TwitterHeart.swift in Sources */ = {isa = PBXBuildFile; fileRef = 20C0D5372C8730C10060354A /* TwitterHeart.swift */; };
		20C0D53A2C8730C10060354A /* TwitterHeart.swift in Sources */ = {isa = PBXBuildFile; fileRef = 20C0D5372C8730C10060354A /* TwitterHeart.swift */; };
		20C0D53C2C873CB60060354A /* TrendingProductList.swift in Sources */ = {isa = PBXBuildFile; fileRef = 20C0D53B2C873CB60060354A /* TrendingProductList.swift */; };
		20C0D53D2C873CB60060354A /* TrendingProductList.swift in Sources */ = {isa = PBXBuildFile; fileRef = 20C0D53B2C873CB60060354A /* TrendingProductList.swift */; };
		20C0D53E2C873CB60060354A /* TrendingProductList.swift in Sources */ = {isa = PBXBuildFile; fileRef = 20C0D53B2C873CB60060354A /* TrendingProductList.swift */; };
		20C0D5412C88356C0060354A /* FacebookBasics in Frameworks */ = {isa = PBXBuildFile; productRef = 20C0D5402C88356C0060354A /* FacebookBasics */; };
		20C0D5432C88356C0060354A /* FacebookCore in Frameworks */ = {isa = PBXBuildFile; productRef = 20C0D5422C88356C0060354A /* FacebookCore */; };
		20C0D5452C88356C0060354A /* FacebookLogin in Frameworks */ = {isa = PBXBuildFile; productRef = 20C0D5442C88356C0060354A /* FacebookLogin */; };
		20C0D5482C883D390060354A /* AppDelegate.swift in Sources */ = {isa = PBXBuildFile; fileRef = 20C0D5472C883D390060354A /* AppDelegate.swift */; };
		20C0D5492C883D390060354A /* AppDelegate.swift in Sources */ = {isa = PBXBuildFile; fileRef = 20C0D5472C883D390060354A /* AppDelegate.swift */; };
		20C0D54A2C883D390060354A /* AppDelegate.swift in Sources */ = {isa = PBXBuildFile; fileRef = 20C0D5472C883D390060354A /* AppDelegate.swift */; };
		20C0D54D2C8843B90060354A /* FBLoginManager.swift in Sources */ = {isa = PBXBuildFile; fileRef = 20C0D54C2C8843B90060354A /* FBLoginManager.swift */; };
		20C0D54E2C8843B90060354A /* FBLoginManager.swift in Sources */ = {isa = PBXBuildFile; fileRef = 20C0D54C2C8843B90060354A /* FBLoginManager.swift */; };
		20C0D54F2C8843B90060354A /* FBLoginManager.swift in Sources */ = {isa = PBXBuildFile; fileRef = 20C0D54C2C8843B90060354A /* FBLoginManager.swift */; };
		20C0D5532C8987DD0060354A /* FirebaseAuth in Frameworks */ = {isa = PBXBuildFile; productRef = 20C0D5522C8987DD0060354A /* FirebaseAuth */; };
		20C0D5562C89884C0060354A /* GoogleSignIn in Frameworks */ = {isa = PBXBuildFile; productRef = 20C0D5552C89884C0060354A /* GoogleSignIn */; };
		20C0D5582C89884C0060354A /* GoogleSignInSwift in Frameworks */ = {isa = PBXBuildFile; productRef = 20C0D5572C89884C0060354A /* GoogleSignInSwift */; };
		20C0D55C2C8991A80060354A /* GoogleService-Info.plist in Resources */ = {isa = PBXBuildFile; fileRef = 20C0D55B2C8991A80060354A /* GoogleService-Info.plist */; };
		20C0D5602C89A0D80060354A /* GoogleLoginManager.swift in Sources */ = {isa = PBXBuildFile; fileRef = 20C0D55F2C89A0D80060354A /* GoogleLoginManager.swift */; };
/* End PBXBuildFile section */

/* Begin PBXContainerItemProxy section */
		20056ED92C624130000B661B /* PBXContainerItemProxy */ = {
			isa = PBXContainerItemProxy;
			containerPortal = 20056EC02C62412F000B661B /* Project object */;
			proxyType = 1;
			remoteGlobalIDString = 20056EC72C62412F000B661B;
			remoteInfo = "TWB-Ecommerce";
		};
		20056EE32C624130000B661B /* PBXContainerItemProxy */ = {
			isa = PBXContainerItemProxy;
			containerPortal = 20056EC02C62412F000B661B /* Project object */;
			proxyType = 1;
			remoteGlobalIDString = 20056EC72C62412F000B661B;
			remoteInfo = "TWB-Ecommerce";
		};
/* End PBXContainerItemProxy section */

/* Begin PBXFileReference section */
		20056EC82C62412F000B661B /* TWB-Ecommerce.app */ = {isa = PBXFileReference; explicitFileType = wrapper.application; includeInIndex = 0; path = "TWB-Ecommerce.app"; sourceTree = BUILT_PRODUCTS_DIR; };
		20056ECB2C62412F000B661B /* TWB_EcommerceApp.swift */ = {isa = PBXFileReference; lastKnownFileType = sourcecode.swift; path = TWB_EcommerceApp.swift; sourceTree = "<group>"; };
		20056ECF2C624130000B661B /* Assets.xcassets */ = {isa = PBXFileReference; lastKnownFileType = folder.assetcatalog; path = Assets.xcassets; sourceTree = "<group>"; };
		20056ED22C624130000B661B /* Preview Assets.xcassets */ = {isa = PBXFileReference; lastKnownFileType = folder.assetcatalog; path = "Preview Assets.xcassets"; sourceTree = "<group>"; };
		20056ED82C624130000B661B /* TWB-EcommerceTests.xctest */ = {isa = PBXFileReference; explicitFileType = wrapper.cfbundle; includeInIndex = 0; path = "TWB-EcommerceTests.xctest"; sourceTree = BUILT_PRODUCTS_DIR; };
		20056EE22C624130000B661B /* TWB-EcommerceUITests.xctest */ = {isa = PBXFileReference; explicitFileType = wrapper.cfbundle; includeInIndex = 0; path = "TWB-EcommerceUITests.xctest"; sourceTree = BUILT_PRODUCTS_DIR; };
		2075F3A32C636F670010536E /* LoginView.swift */ = {isa = PBXFileReference; lastKnownFileType = sourcecode.swift; path = LoginView.swift; sourceTree = "<group>"; };
		209A33352C64CB74008B8D9B /* Info.plist */ = {isa = PBXFileReference; lastKnownFileType = text.plist; path = Info.plist; sourceTree = "<group>"; };
		209A33612C6B406D008B8D9B /* Baskerville.ttf */ = {isa = PBXFileReference; lastKnownFileType = file; path = Baskerville.ttf; sourceTree = "<group>"; };
		209A33632C6B40AC008B8D9B /* Lato-Black.ttf */ = {isa = PBXFileReference; lastKnownFileType = file; path = "Lato-Black.ttf"; sourceTree = "<group>"; };
		209A33652C6B4254008B8D9B /* Lato-BoldItalic.ttf */ = {isa = PBXFileReference; lastKnownFileType = file; path = "Lato-BoldItalic.ttf"; sourceTree = "<group>"; };
		209A33662C6B4254008B8D9B /* Lato-Regular.ttf */ = {isa = PBXFileReference; lastKnownFileType = file; path = "Lato-Regular.ttf"; sourceTree = "<group>"; };
		209A33672C6B4255008B8D9B /* Lato-BlackItalic.ttf */ = {isa = PBXFileReference; lastKnownFileType = file; path = "Lato-BlackItalic.ttf"; sourceTree = "<group>"; };
		209A33682C6B4255008B8D9B /* Lato-Italic.ttf */ = {isa = PBXFileReference; lastKnownFileType = file; path = "Lato-Italic.ttf"; sourceTree = "<group>"; };
		209A33692C6B4255008B8D9B /* Lato-LightItalic.ttf */ = {isa = PBXFileReference; lastKnownFileType = file; path = "Lato-LightItalic.ttf"; sourceTree = "<group>"; };
		209A336A2C6B4255008B8D9B /* Lato-Thin.ttf */ = {isa = PBXFileReference; lastKnownFileType = file; path = "Lato-Thin.ttf"; sourceTree = "<group>"; };
		209A336B2C6B4255008B8D9B /* Lato-ThinItalic.ttf */ = {isa = PBXFileReference; lastKnownFileType = file; path = "Lato-ThinItalic.ttf"; sourceTree = "<group>"; };
		209A336C2C6B4255008B8D9B /* Lato-Light.ttf */ = {isa = PBXFileReference; lastKnownFileType = file; path = "Lato-Light.ttf"; sourceTree = "<group>"; };
		209A336D2C6B4255008B8D9B /* Latobold.ttf */ = {isa = PBXFileReference; lastKnownFileType = file; path = Latobold.ttf; sourceTree = "<group>"; };
		209A33772C6B628B008B8D9B /* PhoneNumberField.swift */ = {isa = PBXFileReference; lastKnownFileType = sourcecode.swift; path = PhoneNumberField.swift; sourceTree = "<group>"; };
		209A337C2C6B85D0008B8D9B /* SimpleButton.swift */ = {isa = PBXFileReference; lastKnownFileType = sourcecode.swift; path = SimpleButton.swift; sourceTree = "<group>"; };
		209A33802C6B899B008B8D9B /* SocialButton.swift */ = {isa = PBXFileReference; lastKnownFileType = sourcecode.swift; path = SocialButton.swift; sourceTree = "<group>"; };
		209A33842C6CCE3E008B8D9B /* Country.swift */ = {isa = PBXFileReference; lastKnownFileType = sourcecode.swift; name = Country.swift; path = "TWB-Ecommerce/Features/Login Signup/Views/Country.swift"; sourceTree = SOURCE_ROOT; };
		209A33882C6CCEF0008B8D9B /* CountryPickerView.swift */ = {isa = PBXFileReference; lastKnownFileType = sourcecode.swift; path = CountryPickerView.swift; sourceTree = "<group>"; };
		20A4141B2C8B31C300D03BC4 /* TWB-EcommerceDebug.entitlements */ = {isa = PBXFileReference; lastKnownFileType = text.plist.entitlements; path = "TWB-EcommerceDebug.entitlements"; sourceTree = "<group>"; };
		20A4141C2C8B336C00D03BC4 /* AppleSignInManager.swift */ = {isa = PBXFileReference; lastKnownFileType = sourcecode.swift; path = AppleSignInManager.swift; sourceTree = "<group>"; };
		20BB05E62C62597A00A3DF38 /* SplashView.swift */ = {isa = PBXFileReference; lastKnownFileType = sourcecode.swift; path = SplashView.swift; sourceTree = "<group>"; };
		20BB05E82C625ED100A3DF38 /* Launch Screen.storyboard */ = {isa = PBXFileReference; lastKnownFileType = file.storyboard; path = "Launch Screen.storyboard"; sourceTree = "<group>"; };
		20C0D5252C870A6F0060354A /* BannerSlide.swift */ = {isa = PBXFileReference; lastKnownFileType = sourcecode.swift; path = BannerSlide.swift; sourceTree = "<group>"; };
		20C0D52A2C8715580060354A /* TrendingProductItem.swift */ = {isa = PBXFileReference; lastKnownFileType = sourcecode.swift; path = TrendingProductItem.swift; sourceTree = "<group>"; };
		20C0D5312C8727480060354A /* HeartAnimation.json */ = {isa = PBXFileReference; fileEncoding = 4; lastKnownFileType = text.json; path = HeartAnimation.json; sourceTree = "<group>"; };
		20C0D5372C8730C10060354A /* TwitterHeart.swift */ = {isa = PBXFileReference; lastKnownFileType = sourcecode.swift; path = TwitterHeart.swift; sourceTree = "<group>"; };
		20C0D53B2C873CB60060354A /* TrendingProductList.swift */ = {isa = PBXFileReference; lastKnownFileType = sourcecode.swift; path = TrendingProductList.swift; sourceTree = "<group>"; };
		20C0D5462C8839FA0060354A /* TWB-Ecommerce.entitlements */ = {isa = PBXFileReference; lastKnownFileType = text.plist.entitlements; path = "TWB-Ecommerce.entitlements"; sourceTree = "<group>"; };
		20C0D5472C883D390060354A /* AppDelegate.swift */ = {isa = PBXFileReference; lastKnownFileType = sourcecode.swift; path = AppDelegate.swift; sourceTree = "<group>"; };
		20C0D54C2C8843B90060354A /* FBLoginManager.swift */ = {isa = PBXFileReference; lastKnownFileType = sourcecode.swift; path = FBLoginManager.swift; sourceTree = "<group>"; };
		20C0D5502C888E5A0060354A /* TWB-Ecommerce.xctestplan */ = {isa = PBXFileReference; lastKnownFileType = text; path = "TWB-Ecommerce.xctestplan"; sourceTree = "<group>"; };
		20C0D55B2C8991A80060354A /* GoogleService-Info.plist */ = {isa = PBXFileReference; fileEncoding = 4; lastKnownFileType = text.plist.xml; path = "GoogleService-Info.plist"; sourceTree = "<group>"; };
		20C0D55F2C89A0D80060354A /* GoogleLoginManager.swift */ = {isa = PBXFileReference; lastKnownFileType = sourcecode.swift; path = GoogleLoginManager.swift; sourceTree = "<group>"; };
/* End PBXFileReference section */

/* Begin PBXFrameworksBuildPhase section */
		20056EC52C62412F000B661B /* Frameworks */ = {
			isa = PBXFrameworksBuildPhase;
			buildActionMask = 2147483647;
			files = (
				20C0D5452C88356C0060354A /* FacebookLogin in Frameworks */,
				20C0D5532C8987DD0060354A /* FirebaseAuth in Frameworks */,
				20C0D5582C89884C0060354A /* GoogleSignInSwift in Frameworks */,
				20C0D5302C8725A20060354A /* Lottie in Frameworks */,
				20C0D5432C88356C0060354A /* FacebookCore in Frameworks */,
				20C0D5412C88356C0060354A /* FacebookBasics in Frameworks */,
				20C0D5562C89884C0060354A /* GoogleSignIn in Frameworks */,
			);
			runOnlyForDeploymentPostprocessing = 0;
		};
		20056ED52C624130000B661B /* Frameworks */ = {
			isa = PBXFrameworksBuildPhase;
			buildActionMask = 2147483647;
			files = (
				20C0D5362C8727E70060354A /* Lottie in Frameworks */,
			);
			runOnlyForDeploymentPostprocessing = 0;
		};
		20056EDF2C624130000B661B /* Frameworks */ = {
			isa = PBXFrameworksBuildPhase;
			buildActionMask = 2147483647;
			files = (
			);
			runOnlyForDeploymentPostprocessing = 0;
		};
/* End PBXFrameworksBuildPhase section */

/* Begin PBXGroup section */
		20056EBF2C62412F000B661B = {
			isa = PBXGroup;
			children = (
				20C0D5502C888E5A0060354A /* TWB-Ecommerce.xctestplan */,
				20056ECA2C62412F000B661B /* TWB-Ecommerce */,
				20056EC92C62412F000B661B /* Products */,
			);
			sourceTree = "<group>";
		};
		20056EC92C62412F000B661B /* Products */ = {
			isa = PBXGroup;
			children = (
				20056EC82C62412F000B661B /* TWB-Ecommerce.app */,
				20056ED82C624130000B661B /* TWB-EcommerceTests.xctest */,
				20056EE22C624130000B661B /* TWB-EcommerceUITests.xctest */,
			);
			name = Products;
			sourceTree = "<group>";
		};
		20056ECA2C62412F000B661B /* TWB-Ecommerce */ = {
			isa = PBXGroup;
			children = (
				20A4141B2C8B31C300D03BC4 /* TWB-EcommerceDebug.entitlements */,
				20C0D55B2C8991A80060354A /* GoogleService-Info.plist */,
				20C0D5462C8839FA0060354A /* TWB-Ecommerce.entitlements */,
				209A33352C64CB74008B8D9B /* Info.plist */,
				209A331C2C64C99A008B8D9B /* fonts */,
				2075F39E2C635F360010536E /* Base Components */,
				20BB05E12C62572300A3DF38 /* Features */,
				20056ECB2C62412F000B661B /* TWB_EcommerceApp.swift */,
				20C0D5312C8727480060354A /* HeartAnimation.json */,
				20056ECF2C624130000B661B /* Assets.xcassets */,
				20056ED12C624130000B661B /* Preview Content */,
				20BB05E82C625ED100A3DF38 /* Launch Screen.storyboard */,
				20C0D5472C883D390060354A /* AppDelegate.swift */,
			);
			path = "TWB-Ecommerce";
			sourceTree = "<group>";
		};
		20056ED12C624130000B661B /* Preview Content */ = {
			isa = PBXGroup;
			children = (
				20056ED22C624130000B661B /* Preview Assets.xcassets */,
			);
			path = "Preview Content";
			sourceTree = "<group>";
		};
		2075F39E2C635F360010536E /* Base Components */ = {
			isa = PBXGroup;
			children = (
				209A337B2C6B85BD008B8D9B /* Buttons */,
			);
			path = "Base Components";
			sourceTree = "<group>";
		};
		2075F39F2C636E9F0010536E /* Login Signup */ = {
			isa = PBXGroup;
			children = (
				20C0D54B2C88439E0060354A /* manager */,
				2075F3A22C636ECC0010536E /* Views */,
				2075F3A12C636EC70010536E /* Models */,
				2075F3A02C636EBD0010536E /* View Models */,
			);
			path = "Login Signup";
			sourceTree = "<group>";
		};
		2075F3A02C636EBD0010536E /* View Models */ = {
			isa = PBXGroup;
			children = (
			);
			path = "View Models";
			sourceTree = "<group>";
		};
		2075F3A12C636EC70010536E /* Models */ = {
			isa = PBXGroup;
			children = (
				209A33842C6CCE3E008B8D9B /* Country.swift */,
			);
			path = Models;
			sourceTree = "<group>";
		};
		2075F3A22C636ECC0010536E /* Views */ = {
			isa = PBXGroup;
			children = (
				2075F3A32C636F670010536E /* LoginView.swift */,
				209A33772C6B628B008B8D9B /* PhoneNumberField.swift */,
				209A33802C6B899B008B8D9B /* SocialButton.swift */,
				209A33882C6CCEF0008B8D9B /* CountryPickerView.swift */,
			);
			path = Views;
			sourceTree = "<group>";
		};
		209A331C2C64C99A008B8D9B /* fonts */ = {
			isa = PBXGroup;
			children = (
				209A33672C6B4255008B8D9B /* Lato-BlackItalic.ttf */,
				209A33652C6B4254008B8D9B /* Lato-BoldItalic.ttf */,
				209A33682C6B4255008B8D9B /* Lato-Italic.ttf */,
				209A336C2C6B4255008B8D9B /* Lato-Light.ttf */,
				209A33692C6B4255008B8D9B /* Lato-LightItalic.ttf */,
				209A33662C6B4254008B8D9B /* Lato-Regular.ttf */,
				209A336A2C6B4255008B8D9B /* Lato-Thin.ttf */,
				209A336B2C6B4255008B8D9B /* Lato-ThinItalic.ttf */,
				209A336D2C6B4255008B8D9B /* Latobold.ttf */,
				209A33632C6B40AC008B8D9B /* Lato-Black.ttf */,
				209A33612C6B406D008B8D9B /* Baskerville.ttf */,
			);
			path = fonts;
			sourceTree = "<group>";
		};
		209A337B2C6B85BD008B8D9B /* Buttons */ = {
			isa = PBXGroup;
			children = (
				209A337C2C6B85D0008B8D9B /* SimpleButton.swift */,
			);
			path = Buttons;
			sourceTree = "<group>";
		};
		20BB05E12C62572300A3DF38 /* Features */ = {
			isa = PBXGroup;
			children = (
				20C0D5232C870A350060354A /* Home */,
				2075F39F2C636E9F0010536E /* Login Signup */,
				20BB05E22C62572C00A3DF38 /* Splash */,
			);
			path = Features;
			sourceTree = "<group>";
		};
		20BB05E22C62572C00A3DF38 /* Splash */ = {
			isa = PBXGroup;
			children = (
				20BB05E52C6257B000A3DF38 /* View Models */,
				20BB05E42C6257A800A3DF38 /* Models */,
				20BB05E32C62579A00A3DF38 /* Views */,
			);
			path = Splash;
			sourceTree = "<group>";
		};
		20BB05E32C62579A00A3DF38 /* Views */ = {
			isa = PBXGroup;
			children = (
				20BB05E62C62597A00A3DF38 /* SplashView.swift */,
			);
			path = Views;
			sourceTree = "<group>";
		};
		20BB05E42C6257A800A3DF38 /* Models */ = {
			isa = PBXGroup;
			children = (
			);
			path = Models;
			sourceTree = "<group>";
		};
		20BB05E52C6257B000A3DF38 /* View Models */ = {
			isa = PBXGroup;
			children = (
			);
			path = "View Models";
			sourceTree = "<group>";
		};
		20C0D5232C870A350060354A /* Home */ = {
			isa = PBXGroup;
			children = (
				20C0D5242C870A410060354A /* Views */,
			);
			path = Home;
			sourceTree = "<group>";
		};
		20C0D5242C870A410060354A /* Views */ = {
			isa = PBXGroup;
			children = (
				20C0D5292C87152D0060354A /* Trendind Product */,
				20C0D5252C870A6F0060354A /* BannerSlide.swift */,
			);
			path = Views;
			sourceTree = "<group>";
		};
		20C0D5292C87152D0060354A /* Trendind Product */ = {
			isa = PBXGroup;
			children = (
				20C0D52A2C8715580060354A /* TrendingProductItem.swift */,
				20C0D5372C8730C10060354A /* TwitterHeart.swift */,
				20C0D53B2C873CB60060354A /* TrendingProductList.swift */,
			);
			path = "Trendind Product";
			sourceTree = "<group>";
		};
		20C0D54B2C88439E0060354A /* manager */ = {
			isa = PBXGroup;
			children = (
				20C0D54C2C8843B90060354A /* FBLoginManager.swift */,
				20C0D55F2C89A0D80060354A /* GoogleLoginManager.swift */,
				20A4141C2C8B336C00D03BC4 /* AppleSignInManager.swift */,
			);
			path = manager;
			sourceTree = "<group>";
		};
/* End PBXGroup section */

/* Begin PBXNativeTarget section */
		20056EC72C62412F000B661B /* TWB-Ecommerce */ = {
			isa = PBXNativeTarget;
			buildConfigurationList = 20056EEC2C624130000B661B /* Build configuration list for PBXNativeTarget "TWB-Ecommerce" */;
			buildPhases = (
				20056EC42C62412F000B661B /* Sources */,
				20056EC52C62412F000B661B /* Frameworks */,
				20056EC62C62412F000B661B /* Resources */,
			);
			buildRules = (
			);
			dependencies = (
			);
			name = "TWB-Ecommerce";
			packageProductDependencies = (
				20C0D52F2C8725A20060354A /* Lottie */,
				20C0D5402C88356C0060354A /* FacebookBasics */,
				20C0D5422C88356C0060354A /* FacebookCore */,
				20C0D5442C88356C0060354A /* FacebookLogin */,
				20C0D5522C8987DD0060354A /* FirebaseAuth */,
				20C0D5552C89884C0060354A /* GoogleSignIn */,
				20C0D5572C89884C0060354A /* GoogleSignInSwift */,
			);
			productName = "TWB-Ecommerce";
			productReference = 20056EC82C62412F000B661B /* TWB-Ecommerce.app */;
			productType = "com.apple.product-type.application";
		};
		20056ED72C624130000B661B /* TWB-EcommerceTests */ = {
			isa = PBXNativeTarget;
			buildConfigurationList = 20056EEF2C624130000B661B /* Build configuration list for PBXNativeTarget "TWB-EcommerceTests" */;
			buildPhases = (
				20056ED42C624130000B661B /* Sources */,
				20056ED52C624130000B661B /* Frameworks */,
				20056ED62C624130000B661B /* Resources */,
			);
			buildRules = (
			);
			dependencies = (
				20056EDA2C624130000B661B /* PBXTargetDependency */,
			);
			name = "TWB-EcommerceTests";
			packageProductDependencies = (
				20C0D5352C8727E70060354A /* Lottie */,
			);
			productName = "TWB-EcommerceTests";
			productReference = 20056ED82C624130000B661B /* TWB-EcommerceTests.xctest */;
			productType = "com.apple.product-type.bundle.unit-test";
		};
		20056EE12C624130000B661B /* TWB-EcommerceUITests */ = {
			isa = PBXNativeTarget;
			buildConfigurationList = 20056EF22C624130000B661B /* Build configuration list for PBXNativeTarget "TWB-EcommerceUITests" */;
			buildPhases = (
				20056EDE2C624130000B661B /* Sources */,
				20056EDF2C624130000B661B /* Frameworks */,
				20056EE02C624130000B661B /* Resources */,
			);
			buildRules = (
			);
			dependencies = (
				20056EE42C624130000B661B /* PBXTargetDependency */,
			);
			name = "TWB-EcommerceUITests";
			productName = "TWB-EcommerceUITests";
			productReference = 20056EE22C624130000B661B /* TWB-EcommerceUITests.xctest */;
			productType = "com.apple.product-type.bundle.ui-testing";
		};
/* End PBXNativeTarget section */

/* Begin PBXProject section */
		20056EC02C62412F000B661B /* Project object */ = {
			isa = PBXProject;
			attributes = {
				BuildIndependentTargetsInParallel = 1;
				LastSwiftUpdateCheck = 1540;
				LastUpgradeCheck = 1540;
				TargetAttributes = {
					20056EC72C62412F000B661B = {
						CreatedOnToolsVersion = 15.4;
					};
					20056ED72C624130000B661B = {
						CreatedOnToolsVersion = 15.4;
						TestTargetID = 20056EC72C62412F000B661B;
					};
					20056EE12C624130000B661B = {
						CreatedOnToolsVersion = 15.4;
						TestTargetID = 20056EC72C62412F000B661B;
					};
				};
			};
			buildConfigurationList = 20056EC32C62412F000B661B /* Build configuration list for PBXProject "TWB-Ecommerce" */;
			compatibilityVersion = "Xcode 14.0";
			developmentRegion = en;
			hasScannedForEncodings = 0;
			knownRegions = (
				en,
				Base,
			);
			mainGroup = 20056EBF2C62412F000B661B;
			packageReferences = (
				20C0D52E2C8725A20060354A /* XCRemoteSwiftPackageReference "lottie-spm" */,
				20C0D53F2C88356B0060354A /* XCRemoteSwiftPackageReference "facebook-ios-sdk" */,
				20C0D5512C8987DD0060354A /* XCRemoteSwiftPackageReference "firebase-ios-sdk" */,
				20C0D5542C89884C0060354A /* XCRemoteSwiftPackageReference "GoogleSignIn-iOS" */,
			);
			productRefGroup = 20056EC92C62412F000B661B /* Products */;
			projectDirPath = "";
			projectRoot = "";
			targets = (
				20056EC72C62412F000B661B /* TWB-Ecommerce */,
				20056ED72C624130000B661B /* TWB-EcommerceTests */,
				20056EE12C624130000B661B /* TWB-EcommerceUITests */,
			);
		};
/* End PBXProject section */

/* Begin PBXResourcesBuildPhase section */
		20056EC62C62412F000B661B /* Resources */ = {
			isa = PBXResourcesBuildPhase;
			buildActionMask = 2147483647;
			files = (
				209A33702C6B4255008B8D9B /* Lato-BlackItalic.ttf in Resources */,
				209A33752C6B4255008B8D9B /* Lato-Light.ttf in Resources */,
				209A33742C6B4255008B8D9B /* Lato-ThinItalic.ttf in Resources */,
				209A33722C6B4255008B8D9B /* Lato-LightItalic.ttf in Resources */,
				20BB05E92C625ED100A3DF38 /* Launch Screen.storyboard in Resources */,
				20C0D5322C8727480060354A /* HeartAnimation.json in Resources */,
				20056ED32C624130000B661B /* Preview Assets.xcassets in Resources */,
				209A33732C6B4255008B8D9B /* Lato-Thin.ttf in Resources */,
				20056ED02C624130000B661B /* Assets.xcassets in Resources */,
				20C0D55C2C8991A80060354A /* GoogleService-Info.plist in Resources */,
				209A336E2C6B4255008B8D9B /* Lato-BoldItalic.ttf in Resources */,
				209A33762C6B4255008B8D9B /* Latobold.ttf in Resources */,
				209A336F2C6B4255008B8D9B /* Lato-Regular.ttf in Resources */,
				209A33642C6B40AC008B8D9B /* Lato-Black.ttf in Resources */,
				209A33712C6B4255008B8D9B /* Lato-Italic.ttf in Resources */,
				209A33622C6B406D008B8D9B /* Baskerville.ttf in Resources */,
			);
			runOnlyForDeploymentPostprocessing = 0;
		};
		20056ED62C624130000B661B /* Resources */ = {
			isa = PBXResourcesBuildPhase;
			buildActionMask = 2147483647;
			files = (
				20C0D5332C8727480060354A /* HeartAnimation.json in Resources */,
			);
			runOnlyForDeploymentPostprocessing = 0;
		};
		20056EE02C624130000B661B /* Resources */ = {
			isa = PBXResourcesBuildPhase;
			buildActionMask = 2147483647;
			files = (
				20C0D5342C8727480060354A /* HeartAnimation.json in Resources */,
			);
			runOnlyForDeploymentPostprocessing = 0;
		};
/* End PBXResourcesBuildPhase section */

/* Begin PBXSourcesBuildPhase section */
		20056EC42C62412F000B661B /* Sources */ = {
			isa = PBXSourcesBuildPhase;
			buildActionMask = 2147483647;
			files = (
				20C0D53C2C873CB60060354A /* TrendingProductList.swift in Sources */,
				209A33852C6CCE3E008B8D9B /* Country.swift in Sources */,
				209A33782C6B628B008B8D9B /* PhoneNumberField.swift in Sources */,
				20C0D54D2C8843B90060354A /* FBLoginManager.swift in Sources */,
				2075F3A42C636F670010536E /* LoginView.swift in Sources */,
				20C0D52B2C8715580060354A /* TrendingProductItem.swift in Sources */,
				20C0D5262C870A6F0060354A /* BannerSlide.swift in Sources */,
				209A33812C6B899B008B8D9B /* SocialButton.swift in Sources */,
				20A4141D2C8B336C00D03BC4 /* AppleSignInManager.swift in Sources */,
				20056ECC2C62412F000B661B /* TWB_EcommerceApp.swift in Sources */,
				20C0D5482C883D390060354A /* AppDelegate.swift in Sources */,
				20BB05E72C62597A00A3DF38 /* SplashView.swift in Sources */,
				209A337D2C6B85D0008B8D9B /* SimpleButton.swift in Sources */,
				209A33892C6CCEF0008B8D9B /* CountryPickerView.swift in Sources */,
				20C0D5382C8730C10060354A /* TwitterHeart.swift in Sources */,
				20C0D5602C89A0D80060354A /* GoogleLoginManager.swift in Sources */,
			);
			runOnlyForDeploymentPostprocessing = 0;
		};
		20056ED42C624130000B661B /* Sources */ = {
			isa = PBXSourcesBuildPhase;
			buildActionMask = 2147483647;
			files = (
				20C0D5492C883D390060354A /* AppDelegate.swift in Sources */,
				20C0D53D2C873CB60060354A /* TrendingProductList.swift in Sources */,
				209A338A2C6CCEF0008B8D9B /* CountryPickerView.swift in Sources */,
				2075F3A52C636F670010536E /* LoginView.swift in Sources */,
				20C0D5392C8730C10060354A /* TwitterHeart.swift in Sources */,
				20C0D52C2C8715580060354A /* TrendingProductItem.swift in Sources */,
				20C0D54E2C8843B90060354A /* FBLoginManager.swift in Sources */,
				20C0D5272C870A6F0060354A /* BannerSlide.swift in Sources */,
				209A33822C6B899B008B8D9B /* SocialButton.swift in Sources */,
				209A33792C6B628B008B8D9B /* PhoneNumberField.swift in Sources */,
				209A33862C6CCE3E008B8D9B /* Country.swift in Sources */,
				209A337E2C6B85D0008B8D9B /* SimpleButton.swift in Sources */,
			);
			runOnlyForDeploymentPostprocessing = 0;
		};
		20056EDE2C624130000B661B /* Sources */ = {
			isa = PBXSourcesBuildPhase;
			buildActionMask = 2147483647;
			files = (
				20C0D53E2C873CB60060354A /* TrendingProductList.swift in Sources */,
				209A33872C6CCE3E008B8D9B /* Country.swift in Sources */,
				209A337A2C6B628B008B8D9B /* PhoneNumberField.swift in Sources */,
				20C0D54F2C8843B90060354A /* FBLoginManager.swift in Sources */,
				2075F3A62C636F670010536E /* LoginView.swift in Sources */,
				20C0D52D2C8715580060354A /* TrendingProductItem.swift in Sources */,
				20C0D5282C870A6F0060354A /* BannerSlide.swift in Sources */,
				209A33832C6B899B008B8D9B /* SocialButton.swift in Sources */,
				20C0D54A2C883D390060354A /* AppDelegate.swift in Sources */,
				209A337F2C6B85D0008B8D9B /* SimpleButton.swift in Sources */,
				209A338B2C6CCEF0008B8D9B /* CountryPickerView.swift in Sources */,
				20C0D53A2C8730C10060354A /* TwitterHeart.swift in Sources */,
			);
			runOnlyForDeploymentPostprocessing = 0;
		};
/* End PBXSourcesBuildPhase section */

/* Begin PBXTargetDependency section */
		20056EDA2C624130000B661B /* PBXTargetDependency */ = {
			isa = PBXTargetDependency;
			target = 20056EC72C62412F000B661B /* TWB-Ecommerce */;
			targetProxy = 20056ED92C624130000B661B /* PBXContainerItemProxy */;
		};
		20056EE42C624130000B661B /* PBXTargetDependency */ = {
			isa = PBXTargetDependency;
			target = 20056EC72C62412F000B661B /* TWB-Ecommerce */;
			targetProxy = 20056EE32C624130000B661B /* PBXContainerItemProxy */;
		};
/* End PBXTargetDependency section */

/* Begin XCBuildConfiguration section */
		20056EEA2C624130000B661B /* Debug */ = {
			isa = XCBuildConfiguration;
			buildSettings = {
				ALWAYS_SEARCH_USER_PATHS = NO;
				ASSETCATALOG_COMPILER_GENERATE_SWIFT_ASSET_SYMBOL_EXTENSIONS = YES;
				CLANG_ANALYZER_NONNULL = YES;
				CLANG_ANALYZER_NUMBER_OBJECT_CONVERSION = YES_AGGRESSIVE;
				CLANG_CXX_LANGUAGE_STANDARD = "gnu++20";
				CLANG_ENABLE_MODULES = YES;
				CLANG_ENABLE_OBJC_ARC = YES;
				CLANG_ENABLE_OBJC_WEAK = YES;
				CLANG_WARN_BLOCK_CAPTURE_AUTORELEASING = YES;
				CLANG_WARN_BOOL_CONVERSION = YES;
				CLANG_WARN_COMMA = YES;
				CLANG_WARN_CONSTANT_CONVERSION = YES;
				CLANG_WARN_DEPRECATED_OBJC_IMPLEMENTATIONS = YES;
				CLANG_WARN_DIRECT_OBJC_ISA_USAGE = YES_ERROR;
				CLANG_WARN_DOCUMENTATION_COMMENTS = YES;
				CLANG_WARN_EMPTY_BODY = YES;
				CLANG_WARN_ENUM_CONVERSION = YES;
				CLANG_WARN_INFINITE_RECURSION = YES;
				CLANG_WARN_INT_CONVERSION = YES;
				CLANG_WARN_NON_LITERAL_NULL_CONVERSION = YES;
				CLANG_WARN_OBJC_IMPLICIT_RETAIN_SELF = YES;
				CLANG_WARN_OBJC_LITERAL_CONVERSION = YES;
				CLANG_WARN_OBJC_ROOT_CLASS = YES_ERROR;
				CLANG_WARN_QUOTED_INCLUDE_IN_FRAMEWORK_HEADER = YES;
				CLANG_WARN_RANGE_LOOP_ANALYSIS = YES;
				CLANG_WARN_STRICT_PROTOTYPES = YES;
				CLANG_WARN_SUSPICIOUS_MOVE = YES;
				CLANG_WARN_UNGUARDED_AVAILABILITY = YES_AGGRESSIVE;
				CLANG_WARN_UNREACHABLE_CODE = YES;
				CLANG_WARN__DUPLICATE_METHOD_MATCH = YES;
				COPY_PHASE_STRIP = NO;
				DEBUG_INFORMATION_FORMAT = dwarf;
				ENABLE_STRICT_OBJC_MSGSEND = YES;
				ENABLE_TESTABILITY = YES;
				ENABLE_USER_SCRIPT_SANDBOXING = YES;
				GCC_C_LANGUAGE_STANDARD = gnu17;
				GCC_DYNAMIC_NO_PIC = NO;
				GCC_NO_COMMON_BLOCKS = YES;
				GCC_OPTIMIZATION_LEVEL = 0;
				GCC_PREPROCESSOR_DEFINITIONS = (
					"DEBUG=1",
					"$(inherited)",
				);
				GCC_WARN_64_TO_32_BIT_CONVERSION = YES;
				GCC_WARN_ABOUT_RETURN_TYPE = YES_ERROR;
				GCC_WARN_UNDECLARED_SELECTOR = YES;
				GCC_WARN_UNINITIALIZED_AUTOS = YES_AGGRESSIVE;
				GCC_WARN_UNUSED_FUNCTION = YES;
				GCC_WARN_UNUSED_VARIABLE = YES;
				IPHONEOS_DEPLOYMENT_TARGET = 17.5;
				LOCALIZATION_PREFERS_STRING_CATALOGS = YES;
				MTL_ENABLE_DEBUG_INFO = INCLUDE_SOURCE;
				MTL_FAST_MATH = YES;
				ONLY_ACTIVE_ARCH = YES;
				SDKROOT = iphoneos;
				SWIFT_ACTIVE_COMPILATION_CONDITIONS = "DEBUG $(inherited)";
				SWIFT_OPTIMIZATION_LEVEL = "-Onone";
			};
			name = Debug;
		};
		20056EEB2C624130000B661B /* Release */ = {
			isa = XCBuildConfiguration;
			buildSettings = {
				ALWAYS_SEARCH_USER_PATHS = NO;
				ASSETCATALOG_COMPILER_GENERATE_SWIFT_ASSET_SYMBOL_EXTENSIONS = YES;
				CLANG_ANALYZER_NONNULL = YES;
				CLANG_ANALYZER_NUMBER_OBJECT_CONVERSION = YES_AGGRESSIVE;
				CLANG_CXX_LANGUAGE_STANDARD = "gnu++20";
				CLANG_ENABLE_MODULES = YES;
				CLANG_ENABLE_OBJC_ARC = YES;
				CLANG_ENABLE_OBJC_WEAK = YES;
				CLANG_WARN_BLOCK_CAPTURE_AUTORELEASING = YES;
				CLANG_WARN_BOOL_CONVERSION = YES;
				CLANG_WARN_COMMA = YES;
				CLANG_WARN_CONSTANT_CONVERSION = YES;
				CLANG_WARN_DEPRECATED_OBJC_IMPLEMENTATIONS = YES;
				CLANG_WARN_DIRECT_OBJC_ISA_USAGE = YES_ERROR;
				CLANG_WARN_DOCUMENTATION_COMMENTS = YES;
				CLANG_WARN_EMPTY_BODY = YES;
				CLANG_WARN_ENUM_CONVERSION = YES;
				CLANG_WARN_INFINITE_RECURSION = YES;
				CLANG_WARN_INT_CONVERSION = YES;
				CLANG_WARN_NON_LITERAL_NULL_CONVERSION = YES;
				CLANG_WARN_OBJC_IMPLICIT_RETAIN_SELF = YES;
				CLANG_WARN_OBJC_LITERAL_CONVERSION = YES;
				CLANG_WARN_OBJC_ROOT_CLASS = YES_ERROR;
				CLANG_WARN_QUOTED_INCLUDE_IN_FRAMEWORK_HEADER = YES;
				CLANG_WARN_RANGE_LOOP_ANALYSIS = YES;
				CLANG_WARN_STRICT_PROTOTYPES = YES;
				CLANG_WARN_SUSPICIOUS_MOVE = YES;
				CLANG_WARN_UNGUARDED_AVAILABILITY = YES_AGGRESSIVE;
				CLANG_WARN_UNREACHABLE_CODE = YES;
				CLANG_WARN__DUPLICATE_METHOD_MATCH = YES;
				COPY_PHASE_STRIP = NO;
				DEBUG_INFORMATION_FORMAT = "dwarf-with-dsym";
				ENABLE_NS_ASSERTIONS = NO;
				ENABLE_STRICT_OBJC_MSGSEND = YES;
				ENABLE_USER_SCRIPT_SANDBOXING = YES;
				GCC_C_LANGUAGE_STANDARD = gnu17;
				GCC_NO_COMMON_BLOCKS = YES;
				GCC_WARN_64_TO_32_BIT_CONVERSION = YES;
				GCC_WARN_ABOUT_RETURN_TYPE = YES_ERROR;
				GCC_WARN_UNDECLARED_SELECTOR = YES;
				GCC_WARN_UNINITIALIZED_AUTOS = YES_AGGRESSIVE;
				GCC_WARN_UNUSED_FUNCTION = YES;
				GCC_WARN_UNUSED_VARIABLE = YES;
				IPHONEOS_DEPLOYMENT_TARGET = 17.5;
				LOCALIZATION_PREFERS_STRING_CATALOGS = YES;
				MTL_ENABLE_DEBUG_INFO = NO;
				MTL_FAST_MATH = YES;
				SDKROOT = iphoneos;
				SWIFT_COMPILATION_MODE = wholemodule;
				VALIDATE_PRODUCT = YES;
			};
			name = Release;
		};
		20056EED2C624130000B661B /* Debug */ = {
			isa = XCBuildConfiguration;
			buildSettings = {
				ASSETCATALOG_COMPILER_APPICON_NAME = AppIcon;
				ASSETCATALOG_COMPILER_GLOBAL_ACCENT_COLOR_NAME = AccentColor;
				CODE_SIGN_ENTITLEMENTS = "TWB-Ecommerce/TWB-EcommerceDebug.entitlements";
				CODE_SIGN_STYLE = Automatic;
				CURRENT_PROJECT_VERSION = 1;
				DEVELOPMENT_ASSET_PATHS = "\"TWB-Ecommerce/Preview Content\"";
				DEVELOPMENT_TEAM = HTLHQV8AQ3;
				ENABLE_PREVIEWS = YES;
				GENERATE_INFOPLIST_FILE = YES;
				INFOPLIST_FILE = "TWB-Ecommerce/Info.plist";
				INFOPLIST_KEY_UIApplicationSceneManifest_Generation = YES;
				INFOPLIST_KEY_UIApplicationSupportsIndirectInputEvents = YES;
				INFOPLIST_KEY_UILaunchScreen_Generation = YES;
				INFOPLIST_KEY_UILaunchStoryboardName = "";
				INFOPLIST_KEY_UISupportedInterfaceOrientations = UIInterfaceOrientationPortrait;
				LD_RUNPATH_SEARCH_PATHS = (
					"$(inherited)",
					"@executable_path/Frameworks",
				);
				MARKETING_VERSION = 1.0;
				PRODUCT_BUNDLE_IDENTIFIER = "com.twb.TWB-Ecommerce";
				PRODUCT_NAME = "$(TARGET_NAME)";
				SWIFT_EMIT_LOC_STRINGS = YES;
				SWIFT_VERSION = 5.0;
				TARGETED_DEVICE_FAMILY = "1,2";
			};
			name = Debug;
		};
		20056EEE2C624130000B661B /* Release */ = {
			isa = XCBuildConfiguration;
			buildSettings = {
				ASSETCATALOG_COMPILER_APPICON_NAME = AppIcon;
				ASSETCATALOG_COMPILER_GLOBAL_ACCENT_COLOR_NAME = AccentColor;
				CODE_SIGN_ENTITLEMENTS = "TWB-Ecommerce/TWB-Ecommerce.entitlements";
				CODE_SIGN_STYLE = Automatic;
				CURRENT_PROJECT_VERSION = 1;
				DEVELOPMENT_ASSET_PATHS = "\"TWB-Ecommerce/Preview Content\"";
				DEVELOPMENT_TEAM = 2QMDK88745;
				ENABLE_PREVIEWS = YES;
				GENERATE_INFOPLIST_FILE = YES;
				INFOPLIST_FILE = "TWB-Ecommerce/Info.plist";
				INFOPLIST_KEY_UIApplicationSceneManifest_Generation = YES;
				INFOPLIST_KEY_UIApplicationSupportsIndirectInputEvents = YES;
				INFOPLIST_KEY_UILaunchScreen_Generation = YES;
				INFOPLIST_KEY_UILaunchStoryboardName = "";
				INFOPLIST_KEY_UISupportedInterfaceOrientations = UIInterfaceOrientationPortrait;
				LD_RUNPATH_SEARCH_PATHS = (
					"$(inherited)",
					"@executable_path/Frameworks",
				);
				MARKETING_VERSION = 1.0;
				PRODUCT_BUNDLE_IDENTIFIER = "com.twb.TWB-Ecommerce";
				PRODUCT_NAME = "$(TARGET_NAME)";
				SWIFT_EMIT_LOC_STRINGS = YES;
				SWIFT_VERSION = 5.0;
				TARGETED_DEVICE_FAMILY = "1,2";
			};
			name = Release;
		};
		20056EF02C624130000B661B /* Debug */ = {
			isa = XCBuildConfiguration;
			buildSettings = {
				ALWAYS_EMBED_SWIFT_STANDARD_LIBRARIES = YES;
				BUNDLE_LOADER = "$(TEST_HOST)";
				CODE_SIGN_STYLE = Automatic;
				CURRENT_PROJECT_VERSION = 1;
				DEVELOPMENT_TEAM = 2QMDK88745;
				GENERATE_INFOPLIST_FILE = YES;
				IPHONEOS_DEPLOYMENT_TARGET = 17.5;
				MARKETING_VERSION = 1.0;
				PRODUCT_BUNDLE_IDENTIFIER = "com.twb.TWB-EcommerceTests";
				PRODUCT_NAME = "$(TARGET_NAME)";
				SWIFT_EMIT_LOC_STRINGS = NO;
				SWIFT_VERSION = 5.0;
				TARGETED_DEVICE_FAMILY = "1,2";
				TEST_HOST = "$(BUILT_PRODUCTS_DIR)/TWB-Ecommerce.app/$(BUNDLE_EXECUTABLE_FOLDER_PATH)/TWB-Ecommerce";
			};
			name = Debug;
		};
		20056EF12C624130000B661B /* Release */ = {
			isa = XCBuildConfiguration;
			buildSettings = {
				ALWAYS_EMBED_SWIFT_STANDARD_LIBRARIES = YES;
				BUNDLE_LOADER = "$(TEST_HOST)";
				CODE_SIGN_STYLE = Automatic;
				CURRENT_PROJECT_VERSION = 1;
				DEVELOPMENT_TEAM = 2QMDK88745;
				GENERATE_INFOPLIST_FILE = YES;
				IPHONEOS_DEPLOYMENT_TARGET = 17.5;
				MARKETING_VERSION = 1.0;
				PRODUCT_BUNDLE_IDENTIFIER = "com.twb.TWB-EcommerceTests";
				PRODUCT_NAME = "$(TARGET_NAME)";
				SWIFT_EMIT_LOC_STRINGS = NO;
				SWIFT_VERSION = 5.0;
				TARGETED_DEVICE_FAMILY = "1,2";
				TEST_HOST = "$(BUILT_PRODUCTS_DIR)/TWB-Ecommerce.app/$(BUNDLE_EXECUTABLE_FOLDER_PATH)/TWB-Ecommerce";
			};
			name = Release;
		};
		20056EF32C624130000B661B /* Debug */ = {
			isa = XCBuildConfiguration;
			buildSettings = {
				ALWAYS_EMBED_SWIFT_STANDARD_LIBRARIES = YES;
				CODE_SIGN_STYLE = Automatic;
				CURRENT_PROJECT_VERSION = 1;
				DEVELOPMENT_TEAM = 2QMDK88745;
				GENERATE_INFOPLIST_FILE = YES;
				MARKETING_VERSION = 1.0;
				PRODUCT_BUNDLE_IDENTIFIER = "com.twb.TWB-EcommerceUITests";
				PRODUCT_NAME = "$(TARGET_NAME)";
				SWIFT_EMIT_LOC_STRINGS = NO;
				SWIFT_VERSION = 5.0;
				TARGETED_DEVICE_FAMILY = "1,2";
				TEST_TARGET_NAME = "TWB-Ecommerce";
			};
			name = Debug;
		};
		20056EF42C624130000B661B /* Release */ = {
			isa = XCBuildConfiguration;
			buildSettings = {
				ALWAYS_EMBED_SWIFT_STANDARD_LIBRARIES = YES;
				CODE_SIGN_STYLE = Automatic;
				CURRENT_PROJECT_VERSION = 1;
				DEVELOPMENT_TEAM = 2QMDK88745;
				GENERATE_INFOPLIST_FILE = YES;
				MARKETING_VERSION = 1.0;
				PRODUCT_BUNDLE_IDENTIFIER = "com.twb.TWB-EcommerceUITests";
				PRODUCT_NAME = "$(TARGET_NAME)";
				SWIFT_EMIT_LOC_STRINGS = NO;
				SWIFT_VERSION = 5.0;
				TARGETED_DEVICE_FAMILY = "1,2";
				TEST_TARGET_NAME = "TWB-Ecommerce";
			};
			name = Release;
		};
/* End XCBuildConfiguration section */

/* Begin XCConfigurationList section */
		20056EC32C62412F000B661B /* Build configuration list for PBXProject "TWB-Ecommerce" */ = {
			isa = XCConfigurationList;
			buildConfigurations = (
				20056EEA2C624130000B661B /* Debug */,
				20056EEB2C624130000B661B /* Release */,
			);
			defaultConfigurationIsVisible = 0;
			defaultConfigurationName = Release;
		};
		20056EEC2C624130000B661B /* Build configuration list for PBXNativeTarget "TWB-Ecommerce" */ = {
			isa = XCConfigurationList;
			buildConfigurations = (
				20056EED2C624130000B661B /* Debug */,
				20056EEE2C624130000B661B /* Release */,
			);
			defaultConfigurationIsVisible = 0;
			defaultConfigurationName = Release;
		};
		20056EEF2C624130000B661B /* Build configuration list for PBXNativeTarget "TWB-EcommerceTests" */ = {
			isa = XCConfigurationList;
			buildConfigurations = (
				20056EF02C624130000B661B /* Debug */,
				20056EF12C624130000B661B /* Release */,
			);
			defaultConfigurationIsVisible = 0;
			defaultConfigurationName = Release;
		};
		20056EF22C624130000B661B /* Build configuration list for PBXNativeTarget "TWB-EcommerceUITests" */ = {
			isa = XCConfigurationList;
			buildConfigurations = (
				20056EF32C624130000B661B /* Debug */,
				20056EF42C624130000B661B /* Release */,
			);
			defaultConfigurationIsVisible = 0;
			defaultConfigurationName = Release;
		};
/* End XCConfigurationList section */

/* Begin XCRemoteSwiftPackageReference section */
		20C0D52E2C8725A20060354A /* XCRemoteSwiftPackageReference "lottie-spm" */ = {
			isa = XCRemoteSwiftPackageReference;
			repositoryURL = "https://github.com/airbnb/lottie-spm.git";
			requirement = {
				kind = upToNextMajorVersion;
				minimumVersion = 4.5.0;
			};
		};
		20C0D53F2C88356B0060354A /* XCRemoteSwiftPackageReference "facebook-ios-sdk" */ = {
			isa = XCRemoteSwiftPackageReference;
			repositoryURL = "https://github.com/facebook/facebook-ios-sdk";
			requirement = {
				kind = upToNextMajorVersion;
				minimumVersion = 16.0.0;
			};
		};
		20C0D5512C8987DD0060354A /* XCRemoteSwiftPackageReference "firebase-ios-sdk" */ = {
			isa = XCRemoteSwiftPackageReference;
			repositoryURL = "https://github.com/firebase/firebase-ios-sdk.git";
			requirement = {
				kind = upToNextMajorVersion;
				minimumVersion = 11.1.0;
			};
		};
		20C0D5542C89884C0060354A /* XCRemoteSwiftPackageReference "GoogleSignIn-iOS" */ = {
			isa = XCRemoteSwiftPackageReference;
			repositoryURL = "https://github.com/google/GoogleSignIn-iOS.git";
			requirement = {
				kind = upToNextMajorVersion;
				minimumVersion = 8.0.0;
			};
		};
/* End XCRemoteSwiftPackageReference section */

/* Begin XCSwiftPackageProductDependency section */
		20C0D52F2C8725A20060354A /* Lottie */ = {
			isa = XCSwiftPackageProductDependency;
			package = 20C0D52E2C8725A20060354A /* XCRemoteSwiftPackageReference "lottie-spm" */;
			productName = Lottie;
		};
		20C0D5352C8727E70060354A /* Lottie */ = {
			isa = XCSwiftPackageProductDependency;
			package = 20C0D52E2C8725A20060354A /* XCRemoteSwiftPackageReference "lottie-spm" */;
			productName = Lottie;
		};
		20C0D5402C88356C0060354A /* FacebookBasics */ = {
			isa = XCSwiftPackageProductDependency;
			package = 20C0D53F2C88356B0060354A /* XCRemoteSwiftPackageReference "facebook-ios-sdk" */;
			productName = FacebookBasics;
		};
		20C0D5422C88356C0060354A /* FacebookCore */ = {
			isa = XCSwiftPackageProductDependency;
			package = 20C0D53F2C88356B0060354A /* XCRemoteSwiftPackageReference "facebook-ios-sdk" */;
			productName = FacebookCore;
		};
		20C0D5442C88356C0060354A /* FacebookLogin */ = {
			isa = XCSwiftPackageProductDependency;
			package = 20C0D53F2C88356B0060354A /* XCRemoteSwiftPackageReference "facebook-ios-sdk" */;
			productName = FacebookLogin;
		};
		20C0D5522C8987DD0060354A /* FirebaseAuth */ = {
			isa = XCSwiftPackageProductDependency;
			package = 20C0D5512C8987DD0060354A /* XCRemoteSwiftPackageReference "firebase-ios-sdk" */;
			productName = FirebaseAuth;
		};
		20C0D5552C89884C0060354A /* GoogleSignIn */ = {
			isa = XCSwiftPackageProductDependency;
			package = 20C0D5542C89884C0060354A /* XCRemoteSwiftPackageReference "GoogleSignIn-iOS" */;
			productName = GoogleSignIn;
		};
		20C0D5572C89884C0060354A /* GoogleSignInSwift */ = {
			isa = XCSwiftPackageProductDependency;
			package = 20C0D5542C89884C0060354A /* XCRemoteSwiftPackageReference "GoogleSignIn-iOS" */;
			productName = GoogleSignInSwift;
		};
/* End XCSwiftPackageProductDependency section */
	};
	rootObject = 20056EC02C62412F000B661B /* Project object */;
}
