{
  "originHash" : "f1700027869786ac0abe2e541428f68218bc347b603a6956ccb74b266a32b23c",
  "pins" : [
    {
      "identity" : "facebook-ios-sdk",
      "kind" : "remoteSourceControl",
      "location" : "https://github.com/facebook/facebook-ios-sdk",
      "state" : {
        "revision" : "3fe31c168903759de1c5752d12856c5c437c6862",
        "version" : "16.3.1"
      }
    },
    {
      "identity" : "lottie-spm",
      "kind" : "remoteSourceControl",
      "location" : "https://github.com/airbnb/lottie-spm.git",
      "state" : {
        "revision" : "b842598f1295f3ffa1475b1580672d1fe5b83580",
        "version" : "4.5.0"
      }
    }
  ],
  "version" : 3
}
